
Microsoft Visual Studio Solution File, Format Version 12.00
# Visual Studio Version 17
VisualStudioVersion = 17.3.32929.385
MinimumVisualStudioVersion = 10.0.40219.1
Project("{FAE04EC0-301F-11D3-BF4B-00C04F79EFBC}") = "metallica client", "metallica client\metallica client.csproj", "{7ECC8D49-D6AA-48BD-9417-283B7C91C68A}"
EndProject
Global
	GlobalSection(SolutionConfigurationPlatforms) = preSolution
		Debug|Any CPU = Debug|Any CPU
		Release|Any CPU = Release|Any CPU
	EndGlobalSection
	GlobalSection(ProjectConfigurationPlatforms) = postSolution
		{7ECC8D49-D6AA-48BD-9417-283B7C91C68A}.Debug|Any CPU.ActiveCfg = Debug|Any CPU
		{7ECC8D49-D6AA-48BD-9417-283B7C91C68A}.Debug|Any CPU.Build.0 = Debug|Any CPU
		{7ECC8D49-D6AA-48BD-9417-283B7C91C68A}.Release|Any CPU.ActiveCfg = Release|Any CPU
		{7ECC8D49-D6AA-48BD-9417-283B7C91C68A}.Release|Any CPU.Build.0 = Release|Any CPU
	EndGlobalSection
	GlobalSection(SolutionProperties) = preSolution
		HideSolutionNode = FALSE
	EndGlobalSection
	GlobalSection(ExtensibilityGlobals) = postSolution
		SolutionGuid = {A81CC96F-705D-4C02-B37B-AAA1381B5BA9}
	EndGlobalSection
EndGlobal
